// !$*UTF8*$!
{
	archiveVersion = 1;
	classes = {
	};
	objectVersion = 50;
	objects = {

/* Begin PBXBuildFile section */
		A1C050E724794C20001D7145 /* Covid19Tracker.xcdatamodeld in Sources */ = {isa = PBXBuildFile; fileRef = A1C050E524794C20001D7145 /* Covid19Tracker.xcdatamodeld */; };
		A1C050E924794D6E001D7145 /* CountriesLocationLoader.swift in Sources */ = {isa = PBXBuildFile; fileRef = A1C050E824794D6E001D7145 /* CountriesLocationLoader.swift */; };
		A1C050EC24794E58001D7145 /* CountriesTableViewController.swift in Sources */ = {isa = PBXBuildFile; fileRef = A1C050EB24794E58001D7145 /* CountriesTableViewController.swift */; };
		A1C050EE24794E70001D7145 /* CountrySummaryViewController.swift in Sources */ = {isa = PBXBuildFile; fileRef = A1C050ED24794E70001D7145 /* CountrySummaryViewController.swift */; };
		A1C050F024794E8B001D7145 /* TotalSummaryViewController.swift in Sources */ = {isa = PBXBuildFile; fileRef = A1C050EF24794E8B001D7145 /* TotalSummaryViewController.swift */; };
		A1C050F224794F78001D7145 /* AppErrors.swift in Sources */ = {isa = PBXBuildFile; fileRef = A1C050F124794F78001D7145 /* AppErrors.swift */; };
		A1C050F52479649B001D7145 /* GlobalSummary.swift in Sources */ = {isa = PBXBuildFile; fileRef = A1C050F42479649B001D7145 /* GlobalSummary.swift */; };
		A1C050F7247964BC001D7145 /* CountrySummary.swift in Sources */ = {isa = PBXBuildFile; fileRef = A1C050F6247964BC001D7145 /* CountrySummary.swift */; };
		A1D6CDAD24772FF900E2688E /* AppDelegate.swift in Sources */ = {isa = PBXBuildFile; fileRef = A1D6CDAC24772FF900E2688E /* AppDelegate.swift */; };
		A1D6CDAF24772FF900E2688E /* SceneDelegate.swift in Sources */ = {isa = PBXBuildFile; fileRef = A1D6CDAE24772FF900E2688E /* SceneDelegate.swift */; };
		A1D6CDB124772FF900E2688E /* MapViewController.swift in Sources */ = {isa = PBXBuildFile; fileRef = A1D6CDB024772FF900E2688E /* MapViewController.swift */; };
		A1D6CDB424772FF900E2688E /* Main.storyboard in Resources */ = {isa = PBXBuildFile; fileRef = A1D6CDB224772FF900E2688E /* Main.storyboard */; };
		A1D6CDB624772FFB00E2688E /* Assets.xcassets in Resources */ = {isa = PBXBuildFile; fileRef = A1D6CDB524772FFB00E2688E /* Assets.xcassets */; };
		A1D6CDB924772FFB00E2688E /* LaunchScreen.storyboard in Resources */ = {isa = PBXBuildFile; fileRef = A1D6CDB724772FFB00E2688E /* LaunchScreen.storyboard */; };
		A1D6CDC22477324F00E2688E /* ApiClient.swift in Sources */ = {isa = PBXBuildFile; fileRef = A1D6CDC12477324F00E2688E /* ApiClient.swift */; };
		A1D6CDC4247736AB00E2688E /* countries_location.json in Resources */ = {isa = PBXBuildFile; fileRef = A1D6CDC3247736AA00E2688E /* countries_location.json */; };
		A1D6CDC7247739DC00E2688E /* SummaryResponse.swift in Sources */ = {isa = PBXBuildFile; fileRef = A1D6CDC6247739DC00E2688E /* SummaryResponse.swift */; };
		A1D6CDCA2477447600E2688E /* JSONDecoder.swift in Sources */ = {isa = PBXBuildFile; fileRef = A1D6CDC92477447600E2688E /* JSONDecoder.swift */; };
/* End PBXBuildFile section */

/* Begin PBXFileReference section */
		A1C050E624794C20001D7145 /* Covid19Tracker.xcdatamodel */ = {isa = PBXFileReference; lastKnownFileType = wrapper.xcdatamodel; path = Covid19Tracker.xcdatamodel; sourceTree = "<group>"; };
		A1C050E824794D6E001D7145 /* CountriesLocationLoader.swift */ = {isa = PBXFileReference; lastKnownFileType = sourcecode.swift; path = CountriesLocationLoader.swift; sourceTree = "<group>"; };
		A1C050EB24794E58001D7145 /* CountriesTableViewController.swift */ = {isa = PBXFileReference; lastKnownFileType = sourcecode.swift; path = CountriesTableViewController.swift; sourceTree = "<group>"; };
		A1C050ED24794E70001D7145 /* CountrySummaryViewController.swift */ = {isa = PBXFileReference; lastKnownFileType = sourcecode.swift; path = CountrySummaryViewController.swift; sourceTree = "<group>"; };
		A1C050EF24794E8B001D7145 /* TotalSummaryViewController.swift */ = {isa = PBXFileReference; lastKnownFileType = sourcecode.swift; path = TotalSummaryViewController.swift; sourceTree = "<group>"; };
		A1C050F124794F78001D7145 /* AppErrors.swift */ = {isa = PBXFileReference; lastKnownFileType = sourcecode.swift; path = AppErrors.swift; sourceTree = "<group>"; };
		A1C050F42479649B001D7145 /* GlobalSummary.swift */ = {isa = PBXFileReference; lastKnownFileType = sourcecode.swift; path = GlobalSummary.swift; sourceTree = "<group>"; };
		A1C050F6247964BC001D7145 /* CountrySummary.swift */ = {isa = PBXFileReference; lastKnownFileType = sourcecode.swift; path = CountrySummary.swift; sourceTree = "<group>"; };
		A1D6CDA924772FF900E2688E /* Covid19Tracker.app */ = {isa = PBXFileReference; explicitFileType = wrapper.application; includeInIndex = 0; path = Covid19Tracker.app; sourceTree = BUILT_PRODUCTS_DIR; };
		A1D6CDAC24772FF900E2688E /* AppDelegate.swift */ = {isa = PBXFileReference; lastKnownFileType = sourcecode.swift; path = AppDelegate.swift; sourceTree = "<group>"; };
		A1D6CDAE24772FF900E2688E /* SceneDelegate.swift */ = {isa = PBXFileReference; lastKnownFileType = sourcecode.swift; path = SceneDelegate.swift; sourceTree = "<group>"; };
		A1D6CDB024772FF900E2688E /* MapViewController.swift */ = {isa = PBXFileReference; lastKnownFileType = sourcecode.swift; path = MapViewController.swift; sourceTree = "<group>"; };
		A1D6CDB324772FF900E2688E /* Base */ = {isa = PBXFileReference; lastKnownFileType = file.storyboard; name = Base; path = Base.lproj/Main.storyboard; sourceTree = "<group>"; };
		A1D6CDB524772FFB00E2688E /* Assets.xcassets */ = {isa = PBXFileReference; lastKnownFileType = folder.assetcatalog; path = Assets.xcassets; sourceTree = "<group>"; };
		A1D6CDB824772FFB00E2688E /* Base */ = {isa = PBXFileReference; lastKnownFileType = file.storyboard; name = Base; path = Base.lproj/LaunchScreen.storyboard; sourceTree = "<group>"; };
		A1D6CDBA24772FFB00E2688E /* Info.plist */ = {isa = PBXFileReference; lastKnownFileType = text.plist.xml; path = Info.plist; sourceTree = "<group>"; };
		A1D6CDC12477324F00E2688E /* ApiClient.swift */ = {isa = PBXFileReference; lastKnownFileType = sourcecode.swift; path = ApiClient.swift; sourceTree = "<group>"; };
		A1D6CDC3247736AA00E2688E /* countries_location.json */ = {isa = PBXFileReference; fileEncoding = 4; lastKnownFileType = text.json; path = countries_location.json; sourceTree = "<group>"; };
		A1D6CDC6247739DC00E2688E /* SummaryResponse.swift */ = {isa = PBXFileReference; lastKnownFileType = sourcecode.swift; path = SummaryResponse.swift; sourceTree = "<group>"; };
		A1D6CDC92477447600E2688E /* JSONDecoder.swift */ = {isa = PBXFileReference; lastKnownFileType = sourcecode.swift; path = JSONDecoder.swift; sourceTree = "<group>"; };
/* End PBXFileReference section */

/* Begin PBXFrameworksBuildPhase section */
		A1D6CDA624772FF900E2688E /* Frameworks */ = {
			isa = PBXFrameworksBuildPhase;
			buildActionMask = 2147483647;
			files = (
			);
			runOnlyForDeploymentPostprocessing = 0;
		};
/* End PBXFrameworksBuildPhase section */

/* Begin PBXGroup section */
		A1A803722478EC7500B26EB6 /* view */ = {
			isa = PBXGroup;
			children = (
				A1D6CDB224772FF900E2688E /* Main.storyboard */,
			);
			path = view;
			sourceTree = "<group>";
		};
		A1C050EA24794DED001D7145 /* controller */ = {
			isa = PBXGroup;
			children = (
				A1D6CDB024772FF900E2688E /* MapViewController.swift */,
				A1C050EB24794E58001D7145 /* CountriesTableViewController.swift */,
				A1C050ED24794E70001D7145 /* CountrySummaryViewController.swift */,
				A1C050EF24794E8B001D7145 /* TotalSummaryViewController.swift */,
			);
			path = controller;
			sourceTree = "<group>";
		};
		A1C050F324794FA7001D7145 /* dto */ = {
			isa = PBXGroup;
			children = (
				A1D6CDC6247739DC00E2688E /* SummaryResponse.swift */,
				A1C050F42479649B001D7145 /* GlobalSummary.swift */,
				A1C050F6247964BC001D7145 /* CountrySummary.swift */,
				A1C050E524794C20001D7145 /* Covid19Tracker.xcdatamodeld */,
			);
			path = dto;
			sourceTree = "<group>";
		};
		A1D6CDA024772FF900E2688E = {
			isa = PBXGroup;
			children = (
				A1D6CDAB24772FF900E2688E /* Covid19Tracker */,
				A1D6CDAA24772FF900E2688E /* Products */,
			);
			sourceTree = "<group>";
		};
		A1D6CDAA24772FF900E2688E /* Products */ = {
			isa = PBXGroup;
			children = (
				A1D6CDA924772FF900E2688E /* Covid19Tracker.app */,
			);
			name = Products;
			sourceTree = "<group>";
		};
		A1D6CDAB24772FF900E2688E /* Covid19Tracker */ = {
			isa = PBXGroup;
			children = (
				A1A803722478EC7500B26EB6 /* view */,
				A1D6CDC02477308200E2688E /* model */,
				A1C050EA24794DED001D7145 /* controller */,
				A1D6CDC52477380100E2688E /* assets */,
				A1D6CDAC24772FF900E2688E /* AppDelegate.swift */,
				A1D6CDAE24772FF900E2688E /* SceneDelegate.swift */,
				A1D6CDBA24772FFB00E2688E /* Info.plist */,
			);
			path = Covid19Tracker;
			sourceTree = "<group>";
		};
		A1D6CDC02477308200E2688E /* model */ = {
			isa = PBXGroup;
			children = (
				A1C050F324794FA7001D7145 /* dto */,
				A1D6CDC82477444900E2688E /* extention */,
				A1D6CDC12477324F00E2688E /* ApiClient.swift */,
				A1C050E824794D6E001D7145 /* CountriesLocationLoader.swift */,
				A1C050F124794F78001D7145 /* AppErrors.swift */,
			);
			path = model;
			sourceTree = "<group>";
		};
		A1D6CDC52477380100E2688E /* assets */ = {
			isa = PBXGroup;
			children = (
				A1D6CDC3247736AA00E2688E /* countries_location.json */,
				A1D6CDB524772FFB00E2688E /* Assets.xcassets */,
				A1D6CDB724772FFB00E2688E /* LaunchScreen.storyboard */,
			);
			path = assets;
			sourceTree = "<group>";
		};
		A1D6CDC82477444900E2688E /* extention */ = {
			isa = PBXGroup;
			children = (
				A1D6CDC92477447600E2688E /* JSONDecoder.swift */,
			);
			path = extention;
			sourceTree = "<group>";
		};
/* End PBXGroup section */

/* Begin PBXNativeTarget section */
		A1D6CDA824772FF900E2688E /* Covid19Tracker */ = {
			isa = PBXNativeTarget;
			buildConfigurationList = A1D6CDBD24772FFB00E2688E /* Build configuration list for PBXNativeTarget "Covid19Tracker" */;
			buildPhases = (
				A1D6CDA524772FF900E2688E /* Sources */,
				A1D6CDA624772FF900E2688E /* Frameworks */,
				A1D6CDA724772FF900E2688E /* Resources */,
			);
			buildRules = (
			);
			dependencies = (
			);
			name = Covid19Tracker;
			productName = Covid19Tracker;
			productReference = A1D6CDA924772FF900E2688E /* Covid19Tracker.app */;
			productType = "com.apple.product-type.application";
		};
/* End PBXNativeTarget section */

/* Begin PBXProject section */
		A1D6CDA124772FF900E2688E /* Project object */ = {
			isa = PBXProject;
			attributes = {
				LastSwiftUpdateCheck = 1140;
				LastUpgradeCheck = 1140;
				ORGANIZATIONNAME = AndyRadionov;
				TargetAttributes = {
					A1D6CDA824772FF900E2688E = {
						CreatedOnToolsVersion = 11.4.1;
					};
				};
			};
			buildConfigurationList = A1D6CDA424772FF900E2688E /* Build configuration list for PBXProject "Covid19Tracker" */;
			compatibilityVersion = "Xcode 9.3";
			developmentRegion = en;
			hasScannedForEncodings = 0;
			knownRegions = (
				en,
				Base,
			);
			mainGroup = A1D6CDA024772FF900E2688E;
			productRefGroup = A1D6CDAA24772FF900E2688E /* Products */;
			projectDirPath = "";
			projectRoot = "";
			targets = (
				A1D6CDA824772FF900E2688E /* Covid19Tracker */,
			);
		};
/* End PBXProject section */

/* Begin PBXResourcesBuildPhase section */
		A1D6CDA724772FF900E2688E /* Resources */ = {
			isa = PBXResourcesBuildPhase;
			buildActionMask = 2147483647;
			files = (
				A1D6CDB924772FFB00E2688E /* LaunchScreen.storyboard in Resources */,
				A1D6CDC4247736AB00E2688E /* countries_location.json in Resources */,
				A1D6CDB624772FFB00E2688E /* Assets.xcassets in Resources */,
				A1D6CDB424772FF900E2688E /* Main.storyboard in Resources */,
			);
			runOnlyForDeploymentPostprocessing = 0;
		};
/* End PBXResourcesBuildPhase section */

/* Begin PBXSourcesBuildPhase section */
		A1D6CDA524772FF900E2688E /* Sources */ = {
			isa = PBXSourcesBuildPhase;
			buildActionMask = 2147483647;
			files = (
				A1C050F224794F78001D7145 /* AppErrors.swift in Sources */,
				A1C050F52479649B001D7145 /* GlobalSummary.swift in Sources */,
				A1D6CDCA2477447600E2688E /* JSONDecoder.swift in Sources */,
				A1D6CDB124772FF900E2688E /* MapViewController.swift in Sources */,
				A1C050EE24794E70001D7145 /* CountrySummaryViewController.swift in Sources */,
				A1C050F7247964BC001D7145 /* CountrySummary.swift in Sources */,
				A1D6CDC7247739DC00E2688E /* SummaryResponse.swift in Sources */,
				A1D6CDAD24772FF900E2688E /* AppDelegate.swift in Sources */,
				A1C050EC24794E58001D7145 /* CountriesTableViewController.swift in Sources */,
				A1C050E924794D6E001D7145 /* CountriesLocationLoader.swift in Sources */,
				A1C050F024794E8B001D7145 /* TotalSummaryViewController.swift in Sources */,
				A1D6CDAF24772FF900E2688E /* SceneDelegate.swift in Sources */,
				A1C050E724794C20001D7145 /* Covid19Tracker.xcdatamodeld in Sources */,
				A1D6CDC22477324F00E2688E /* ApiClient.swift in Sources */,
			);
			runOnlyForDeploymentPostprocessing = 0;
		};
/* End PBXSourcesBuildPhase section */

/* Begin PBXVariantGroup section */
		A1D6CDB224772FF900E2688E /* Main.storyboard */ = {
			isa = PBXVariantGroup;
			children = (
				A1D6CDB324772FF900E2688E /* Base */,
			);
			name = Main.storyboard;
			sourceTree = "<group>";
		};
		A1D6CDB724772FFB00E2688E /* LaunchScreen.storyboard */ = {
			isa = PBXVariantGroup;
			children = (
				A1D6CDB824772FFB00E2688E /* Base */,
			);
			name = LaunchScreen.storyboard;
			sourceTree = "<group>";
		};
/* End PBXVariantGroup section */

/* Begin XCBuildConfiguration section */
		A1D6CDBB24772FFB00E2688E /* Debug */ = {
			isa = XCBuildConfiguration;
			buildSettings = {
				ALWAYS_SEARCH_USER_PATHS = NO;
				CLANG_ANALYZER_NONNULL = YES;
				CLANG_ANALYZER_NUMBER_OBJECT_CONVERSION = YES_AGGRESSIVE;
				CLANG_CXX_LANGUAGE_STANDARD = "gnu++14";
				CLANG_CXX_LIBRARY = "libc++";
				CLANG_ENABLE_MODULES = YES;
				CLANG_ENABLE_OBJC_ARC = YES;
				CLANG_ENABLE_OBJC_WEAK = YES;
				CLANG_WARN_BLOCK_CAPTURE_AUTORELEASING = YES;
				CLANG_WARN_BOOL_CONVERSION = YES;
				CLANG_WARN_COMMA = YES;
				CLANG_WARN_CONSTANT_CONVERSION = YES;
				CLANG_WARN_DEPRECATED_OBJC_IMPLEMENTATIONS = YES;
				CLANG_WARN_DIRECT_OBJC_ISA_USAGE = YES_ERROR;
				CLANG_WARN_DOCUMENTATION_COMMENTS = YES;
				CLANG_WARN_EMPTY_BODY = YES;
				CLANG_WARN_ENUM_CONVERSION = YES;
				CLANG_WARN_INFINITE_RECURSION = YES;
				CLANG_WARN_INT_CONVERSION = YES;
				CLANG_WARN_NON_LITERAL_NULL_CONVERSION = YES;
				CLANG_WARN_OBJC_IMPLICIT_RETAIN_SELF = YES;
				CLANG_WARN_OBJC_LITERAL_CONVERSION = YES;
				CLANG_WARN_OBJC_ROOT_CLASS = YES_ERROR;
				CLANG_WARN_RANGE_LOOP_ANALYSIS = YES;
				CLANG_WARN_STRICT_PROTOTYPES = YES;
				CLANG_WARN_SUSPICIOUS_MOVE = YES;
				CLANG_WARN_UNGUARDED_AVAILABILITY = YES_AGGRESSIVE;
				CLANG_WARN_UNREACHABLE_CODE = YES;
				CLANG_WARN__DUPLICATE_METHOD_MATCH = YES;
				COPY_PHASE_STRIP = NO;
				DEBUG_INFORMATION_FORMAT = dwarf;
				ENABLE_STRICT_OBJC_MSGSEND = YES;
				ENABLE_TESTABILITY = YES;
				GCC_C_LANGUAGE_STANDARD = gnu11;
				GCC_DYNAMIC_NO_PIC = NO;
				GCC_NO_COMMON_BLOCKS = YES;
				GCC_OPTIMIZATION_LEVEL = 0;
				GCC_PREPROCESSOR_DEFINITIONS = (
					"DEBUG=1",
					"$(inherited)",
				);
				GCC_WARN_64_TO_32_BIT_CONVERSION = YES;
				GCC_WARN_ABOUT_RETURN_TYPE = YES_ERROR;
				GCC_WARN_UNDECLARED_SELECTOR = YES;
				GCC_WARN_UNINITIALIZED_AUTOS = YES_AGGRESSIVE;
				GCC_WARN_UNUSED_FUNCTION = YES;
				GCC_WARN_UNUSED_VARIABLE = YES;
				IPHONEOS_DEPLOYMENT_TARGET = 13.4;
				MTL_ENABLE_DEBUG_INFO = INCLUDE_SOURCE;
				MTL_FAST_MATH = YES;
				ONLY_ACTIVE_ARCH = YES;
				SDKROOT = iphoneos;
				SWIFT_ACTIVE_COMPILATION_CONDITIONS = DEBUG;
				SWIFT_OPTIMIZATION_LEVEL = "-Onone";
			};
			name = Debug;
		};
		A1D6CDBC24772FFB00E2688E /* Release */ = {
			isa = XCBuildConfiguration;
			buildSettings = {
				ALWAYS_SEARCH_USER_PATHS = NO;
				CLANG_ANALYZER_NONNULL = YES;
				CLANG_ANALYZER_NUMBER_OBJECT_CONVERSION = YES_AGGRESSIVE;
				CLANG_CXX_LANGUAGE_STANDARD = "gnu++14";
				CLANG_CXX_LIBRARY = "libc++";
				CLANG_ENABLE_MODULES = YES;
				CLANG_ENABLE_OBJC_ARC = YES;
				CLANG_ENABLE_OBJC_WEAK = YES;
				CLANG_WARN_BLOCK_CAPTURE_AUTORELEASING = YES;
				CLANG_WARN_BOOL_CONVERSION = YES;
				CLANG_WARN_COMMA = YES;
				CLANG_WARN_CONSTANT_CONVERSION = YES;
				CLANG_WARN_DEPRECATED_OBJC_IMPLEMENTATIONS = YES;
				CLANG_WARN_DIRECT_OBJC_ISA_USAGE = YES_ERROR;
				CLANG_WARN_DOCUMENTATION_COMMENTS = YES;
				CLANG_WARN_EMPTY_BODY = YES;
				CLANG_WARN_ENUM_CONVERSION = YES;
				CLANG_WARN_INFINITE_RECURSION = YES;
				CLANG_WARN_INT_CONVERSION = YES;
				CLANG_WARN_NON_LITERAL_NULL_CONVERSION = YES;
				CLANG_WARN_OBJC_IMPLICIT_RETAIN_SELF = YES;
				CLANG_WARN_OBJC_LITERAL_CONVERSION = YES;
				CLANG_WARN_OBJC_ROOT_CLASS = YES_ERROR;
				CLANG_WARN_RANGE_LOOP_ANALYSIS = YES;
				CLANG_WARN_STRICT_PROTOTYPES = YES;
				CLANG_WARN_SUSPICIOUS_MOVE = YES;
				CLANG_WARN_UNGUARDED_AVAILABILITY = YES_AGGRESSIVE;
				CLANG_WARN_UNREACHABLE_CODE = YES;
				CLANG_WARN__DUPLICATE_METHOD_MATCH = YES;
				COPY_PHASE_STRIP = NO;
				DEBUG_INFORMATION_FORMAT = "dwarf-with-dsym";
				ENABLE_NS_ASSERTIONS = NO;
				ENABLE_STRICT_OBJC_MSGSEND = YES;
				GCC_C_LANGUAGE_STANDARD = gnu11;
				GCC_NO_COMMON_BLOCKS = YES;
				GCC_WARN_64_TO_32_BIT_CONVERSION = YES;
				GCC_WARN_ABOUT_RETURN_TYPE = YES_ERROR;
				GCC_WARN_UNDECLARED_SELECTOR = YES;
				GCC_WARN_UNINITIALIZED_AUTOS = YES_AGGRESSIVE;
				GCC_WARN_UNUSED_FUNCTION = YES;
				GCC_WARN_UNUSED_VARIABLE = YES;
				IPHONEOS_DEPLOYMENT_TARGET = 13.4;
				MTL_ENABLE_DEBUG_INFO = NO;
				MTL_FAST_MATH = YES;
				SDKROOT = iphoneos;
				SWIFT_COMPILATION_MODE = wholemodule;
				SWIFT_OPTIMIZATION_LEVEL = "-O";
				VALIDATE_PRODUCT = YES;
			};
			name = Release;
		};
		A1D6CDBE24772FFB00E2688E /* Debug */ = {
			isa = XCBuildConfiguration;
			buildSettings = {
				ASSETCATALOG_COMPILER_APPICON_NAME = AppIcon;
				CODE_SIGN_STYLE = Automatic;
				INFOPLIST_FILE = Covid19Tracker/Info.plist;
				LD_RUNPATH_SEARCH_PATHS = (
					"$(inherited)",
					"@executable_path/Frameworks",
				);
				PRODUCT_BUNDLE_IDENTIFIER = io.AndyRadionov.Covid19Tracker;
				PRODUCT_NAME = "$(TARGET_NAME)";
				SWIFT_VERSION = 5.0;
				TARGETED_DEVICE_FAMILY = "1,2";
			};
			name = Debug;
		};
		A1D6CDBF24772FFB00E2688E /* Release */ = {
			isa = XCBuildConfiguration;
			buildSettings = {
				ASSETCATALOG_COMPILER_APPICON_NAME = AppIcon;
				CODE_SIGN_STYLE = Automatic;
				INFOPLIST_FILE = Covid19Tracker/Info.plist;
				LD_RUNPATH_SEARCH_PATHS = (
					"$(inherited)",
					"@executable_path/Frameworks",
				);
				PRODUCT_BUNDLE_IDENTIFIER = io.AndyRadionov.Covid19Tracker;
				PRODUCT_NAME = "$(TARGET_NAME)";
				SWIFT_VERSION = 5.0;
				TARGETED_DEVICE_FAMILY = "1,2";
			};
			name = Release;
		};
/* End XCBuildConfiguration section */

/* Begin XCConfigurationList section */
		A1D6CDA424772FF900E2688E /* Build configuration list for PBXProject "Covid19Tracker" */ = {
			isa = XCConfigurationList;
			buildConfigurations = (
				A1D6CDBB24772FFB00E2688E /* Debug */,
				A1D6CDBC24772FFB00E2688E /* Release */,
			);
			defaultConfigurationIsVisible = 0;
			defaultConfigurationName = Release;
		};
		A1D6CDBD24772FFB00E2688E /* Build configuration list for PBXNativeTarget "Covid19Tracker" */ = {
			isa = XCConfigurationList;
			buildConfigurations = (
				A1D6CDBE24772FFB00E2688E /* Debug */,
				A1D6CDBF24772FFB00E2688E /* Release */,
			);
			defaultConfigurationIsVisible = 0;
			defaultConfigurationName = Release;
		};
/* End XCConfigurationList section */

/* Begin XCVersionGroup section */
		A1C050E524794C20001D7145 /* Covid19Tracker.xcdatamodeld */ = {
			isa = XCVersionGroup;
			children = (
				A1C050E624794C20001D7145 /* Covid19Tracker.xcdatamodel */,
			);
			currentVersion = A1C050E624794C20001D7145 /* Covid19Tracker.xcdatamodel */;
			path = Covid19Tracker.xcdatamodeld;
			sourceTree = "<group>";
			versionGroupType = wrapper.xcdatamodel;
		};
/* End XCVersionGroup section */
	};
	rootObject = A1D6CDA124772FF900E2688E /* Project object */;
}
